
Microsoft Visual Studio Solution File, Format Version 12.00
# Visual Studio 15
VisualStudioVersion = 15.0.27428.2043
MinimumVisualStudioVersion = 10.0.40219.1
Project("{FAE04EC0-301F-11D3-BF4B-00C04F79EFBC}") = "PC Driver", "PC Driver\PC Driver.csproj", "{1328A5EB-0077-41C8-A9D4-1B2437D9768D}"
EndProject
Global
	GlobalSection(SolutionConfigurationPlatforms) = preSolution
		Debug|Any CPU = Debug|Any CPU
		Release|Any CPU = Release|Any CPU
	EndGlobalSection
	GlobalSection(ProjectConfigurationPlatforms) = postSolution
		{1328A5EB-0077-41C8-A9D4-1B2437D9768D}.Debug|Any CPU.ActiveCfg = Debug|Any CPU
		{1328A5EB-0077-41C8-A9D4-1B2437D9768D}.Debug|Any CPU.Build.0 = Debug|Any CPU
		{1328A5EB-0077-41C8-A9D4-1B2437D9768D}.Release|Any CPU.ActiveCfg = Release|Any CPU
		{1328A5EB-0077-41C8-A9D4-1B2437D9768D}.Release|Any CPU.Build.0 = Release|Any CPU
	EndGlobalSection
	GlobalSection(SolutionProperties) = preSolution
		HideSolutionNode = FALSE
	EndGlobalSection
	GlobalSection(ExtensibilityGlobals) = postSolution
		SolutionGuid = {3B240BB5-B4E0-47BC-BA80-1741427F3CA1}
	EndGlobalSection
EndGlobal
